Microsoft Visual Studio Solution File, Format Version 12.00
# Visual Studio 2012
Project("{FAE04EC0-301F-11D3-BF4B-00C04F79EFBC}") = "Grand Strategy Map System", "Grand Strategy Map System.csproj", "{3C3086CB-4FFB-443F-ACC9-9FC0D9813201}"
EndProject
Global
	GlobalSection(SolutionConfigurationPlatforms) = preSolution
	Debug|Any CPU = Debug|Any CPU
	ExportDebug|Any CPU = ExportDebug|Any CPU
	ExportRelease|Any CPU = ExportRelease|Any CPU
	EndGlobalSection
	GlobalSection(ProjectConfigurationPlatforms) = postSolution
		{3C3086CB-4FFB-443F-ACC9-9FC0D9813201}.Debug|Any CPU.ActiveCfg = Debug|Any CPU
		{3C3086CB-4FFB-443F-ACC9-9FC0D9813201}.Debug|Any CPU.Build.0 = Debug|Any CPU
		{3C3086CB-4FFB-443F-ACC9-9FC0D9813201}.ExportDebug|Any CPU.ActiveCfg = ExportDebug|Any CPU
		{3C3086CB-4FFB-443F-ACC9-9FC0D9813201}.ExportDebug|Any CPU.Build.0 = ExportDebug|Any CPU
		{3C3086CB-4FFB-443F-ACC9-9FC0D9813201}.ExportRelease|Any CPU.ActiveCfg = ExportRelease|Any CPU
		{3C3086CB-4FFB-443F-ACC9-9FC0D9813201}.ExportRelease|Any CPU.Build.0 = ExportRelease|Any CPU
	EndGlobalSection
EndGlobal
